
Microsoft Visual Studio Solution File, Format Version 12.00
# Visual Studio 14
VisualStudioVersion = 14.0.25420.1
MinimumVisualStudioVersion = 10.0.40219.1
Project("{FAE04EC0-301F-11D3-BF4B-00C04F79EFBC}") = "Nettbank", "Nettbank\Nettbank.csproj", "{E1C0551E-C889-409E-8022-F415781D1645}"
EndProject
Project("{FAE04EC0-301F-11D3-BF4B-00C04F79EFBC}") = "BLL", "BLL\BLL.csproj", "{AD5F8470-3E0A-4058-9D47-8CC312DCE760}"
EndProject
Project("{FAE04EC0-301F-11D3-BF4B-00C04F79EFBC}") = "DAL", "DAL\DAL.csproj", "{D3648EE9-EB79-447B-88BF-40E52364BAA3}"
EndProject
Project("{FAE04EC0-301F-11D3-BF4B-00C04F79EFBC}") = "Model", "Model\Model.csproj", "{D3F1B3E5-4D1C-45C0-8F4E-3FD0B0072288}"
EndProject
Global
	GlobalSection(SolutionConfigurationPlatforms) = preSolution
		Debug|Any CPU = Debug|Any CPU
		Release|Any CPU = Release|Any CPU
	EndGlobalSection
	GlobalSection(ProjectConfigurationPlatforms) = postSolution
		{E1C0551E-C889-409E-8022-F415781D1645}.Debug|Any CPU.ActiveCfg = Debug|Any CPU
		{E1C0551E-C889-409E-8022-F415781D1645}.Debug|Any CPU.Build.0 = Debug|Any CPU
		{E1C0551E-C889-409E-8022-F415781D1645}.Release|Any CPU.ActiveCfg = Release|Any CPU
		{E1C0551E-C889-409E-8022-F415781D1645}.Release|Any CPU.Build.0 = Release|Any CPU
		{AD5F8470-3E0A-4058-9D47-8CC312DCE760}.Debug|Any CPU.ActiveCfg = Debug|Any CPU
		{AD5F8470-3E0A-4058-9D47-8CC312DCE760}.Debug|Any CPU.Build.0 = Debug|Any CPU
		{AD5F8470-3E0A-4058-9D47-8CC312DCE760}.Release|Any CPU.ActiveCfg = Release|Any CPU
		{AD5F8470-3E0A-4058-9D47-8CC312DCE760}.Release|Any CPU.Build.0 = Release|Any CPU
		{D3648EE9-EB79-447B-88BF-40E52364BAA3}.Debug|Any CPU.ActiveCfg = Debug|Any CPU
		{D3648EE9-EB79-447B-88BF-40E52364BAA3}.Debug|Any CPU.Build.0 = Debug|Any CPU
		{D3648EE9-EB79-447B-88BF-40E52364BAA3}.Release|Any CPU.ActiveCfg = Release|Any CPU
		{D3648EE9-EB79-447B-88BF-40E52364BAA3}.Release|Any CPU.Build.0 = Release|Any CPU
		{D3F1B3E5-4D1C-45C0-8F4E-3FD0B0072288}.Debug|Any CPU.ActiveCfg = Debug|Any CPU
		{D3F1B3E5-4D1C-45C0-8F4E-3FD0B0072288}.Debug|Any CPU.Build.0 = Debug|Any CPU
		{D3F1B3E5-4D1C-45C0-8F4E-3FD0B0072288}.Release|Any CPU.ActiveCfg = Release|Any CPU
		{D3F1B3E5-4D1C-45C0-8F4E-3FD0B0072288}.Release|Any CPU.Build.0 = Release|Any CPU
	EndGlobalSection
	GlobalSection(SolutionProperties) = preSolution
		HideSolutionNode = FALSE
	EndGlobalSection
EndGlobal
